
Microsoft Visual Studio Solution File, Format Version 12.00
# Visual Studio Version 16
VisualStudioVersion = 16.0.32002.261
MinimumVisualStudioVersion = 10.0.40219.1
Project("{FAE04EC0-301F-11D3-BF4B-00C04F79EFBC}") = "DepScan", "DepScan.csproj", "{3E3F4400-038D-4A70-B106-1F3EF7FB56AE}"
EndProject
Global
	GlobalSection(SolutionConfigurationPlatforms) = preSolution
		Debug|Any CPU = Debug|Any CPU
		Release|Any CPU = Release|Any CPU
	EndGlobalSection
	GlobalSection(ProjectConfigurationPlatforms) = postSolution
		{3E3F4400-038D-4A70-B106-1F3EF7FB56AE}.Debug|Any CPU.ActiveCfg = Debug|Any CPU
		{3E3F4400-038D-4A70-B106-1F3EF7FB56AE}.Debug|Any CPU.Build.0 = Debug|Any CPU
		{3E3F4400-038D-4A70-B106-1F3EF7FB56AE}.Release|Any CPU.ActiveCfg = Release|Any CPU
		{3E3F4400-038D-4A70-B106-1F3EF7FB56AE}.Release|Any CPU.Build.0 = Release|Any CPU
	EndGlobalSection
	GlobalSection(SolutionProperties) = preSolution
		HideSolutionNode = FALSE
	EndGlobalSection
	GlobalSection(ExtensibilityGlobals) = postSolution
		SolutionGuid = {417A825D-CDE0-4DE5-B705-4E8AFC50B3F8}
	EndGlobalSection
EndGlobal
